
Microsoft Visual Studio Solution File, Format Version 12.00
# Visual Studio Version 16
VisualStudioVersion = 16.0.31515.178
MinimumVisualStudioVersion = 10.0.40219.1
Project("{FAE04EC0-301F-11D3-BF4B-00C04F79EFBC}") = "Lambdapath", "Lambdapath\Lambdapath.csproj", "{F1199836-6885-4383-A651-13C51089754F}"
EndProject
Global
	GlobalSection(SolutionConfigurationPlatforms) = preSolution
		Debug|Any CPU = Debug|Any CPU
		Release|Any CPU = Release|Any CPU
	EndGlobalSection
	GlobalSection(ProjectConfigurationPlatforms) = postSolution
		{F1199836-6885-4383-A651-13C51089754F}.Debug|Any CPU.ActiveCfg = Debug|Any CPU
		{F1199836-6885-4383-A651-13C51089754F}.Debug|Any CPU.Build.0 = Debug|Any CPU
		{F1199836-6885-4383-A651-13C51089754F}.Release|Any CPU.ActiveCfg = Release|Any CPU
		{F1199836-6885-4383-A651-13C51089754F}.Release|Any CPU.Build.0 = Release|Any CPU
	EndGlobalSection
	GlobalSection(SolutionProperties) = preSolution
		HideSolutionNode = FALSE
	EndGlobalSection
	GlobalSection(ExtensibilityGlobals) = postSolution
		SolutionGuid = {B0E5487D-C558-4602-AE49-1DA9102969C9}
	EndGlobalSection
EndGlobal
