
Microsoft Visual Studio Solution File, Format Version 12.00
# Visual Studio Version 16
VisualStudioVersion = 16.0.31424.327
MinimumVisualStudioVersion = 10.0.40219.1
Project("{FAE04EC0-301F-11D3-BF4B-00C04F79EFBC}") = "Polimorfismo ex1", "Polimorfismo ex1\Polimorfismo ex1.csproj", "{142AE5C9-DFBA-4E63-8F39-B63C57EBB774}"
EndProject
Global
	GlobalSection(SolutionConfigurationPlatforms) = preSolution
		Debug|Any CPU = Debug|Any CPU
		Release|Any CPU = Release|Any CPU
	EndGlobalSection
	GlobalSection(ProjectConfigurationPlatforms) = postSolution
		{142AE5C9-DFBA-4E63-8F39-B63C57EBB774}.Debug|Any CPU.ActiveCfg = Debug|Any CPU
		{142AE5C9-DFBA-4E63-8F39-B63C57EBB774}.Debug|Any CPU.Build.0 = Debug|Any CPU
		{142AE5C9-DFBA-4E63-8F39-B63C57EBB774}.Release|Any CPU.ActiveCfg = Release|Any CPU
		{142AE5C9-DFBA-4E63-8F39-B63C57EBB774}.Release|Any CPU.Build.0 = Release|Any CPU
	EndGlobalSection
	GlobalSection(SolutionProperties) = preSolution
		HideSolutionNode = FALSE
	EndGlobalSection
	GlobalSection(ExtensibilityGlobals) = postSolution
		SolutionGuid = {34E847B3-8BE0-4727-9675-34FB9E81EC05}
	EndGlobalSection
EndGlobal
